
Microsoft Visual Studio Solution File, Format Version 12.00
# Visual Studio Version 17
VisualStudioVersion = 17.10.35004.147
MinimumVisualStudioVersion = 10.0.40219.1
Project("{FAE04EC0-301F-11D3-BF4B-00C04F79EFBC}") = "LeeTeke.Microsoft.DependencyInjection.Extensions", "LeeTeke.Microsoft.DependencyInjection.Extensions\LeeTeke.Microsoft.DependencyInjection.Extensions.csproj", "{5C0DAD3C-3824-4C50-81E3-26DD4CC65F80}"
EndProject
Project("{FAE04EC0-301F-11D3-BF4B-00C04F79EFBC}") = "Demo", "Demo\Demo.csproj", "{4026BCDE-7341-497C-B6C8-DEE11CF1951D}"
EndProject
Project("{FAE04EC0-301F-11D3-BF4B-00C04F79EFBC}") = "LeeTeke.Microsoft.DependencyInjection.Extensions.AOT", "LeeTeke.Microsoft.DependencyInjection.Extensions.AOT\LeeTeke.Microsoft.DependencyInjection.Extensions.AOT.csproj", "{6CEF5FB7-8FD8-4E04-BB51-1B8D47EC7FAD}"
EndProject
Project("{FAE04EC0-301F-11D3-BF4B-00C04F79EFBC}") = "Demo.Dll", "Demo.Dll\Demo.Dll.csproj", "{FD6015AB-6D6B-4C4D-8D8F-394264242CD7}"
EndProject
Global
	GlobalSection(SolutionConfigurationPlatforms) = preSolution
		Debug|Any CPU = Debug|Any CPU
		Release|Any CPU = Release|Any CPU
	EndGlobalSection
	GlobalSection(ProjectConfigurationPlatforms) = postSolution
		{5C0DAD3C-3824-4C50-81E3-26DD4CC65F80}.Debug|Any CPU.ActiveCfg = Debug|Any CPU
		{5C0DAD3C-3824-4C50-81E3-26DD4CC65F80}.Debug|Any CPU.Build.0 = Debug|Any CPU
		{5C0DAD3C-3824-4C50-81E3-26DD4CC65F80}.Release|Any CPU.ActiveCfg = Release|Any CPU
		{5C0DAD3C-3824-4C50-81E3-26DD4CC65F80}.Release|Any CPU.Build.0 = Release|Any CPU
		{4026BCDE-7341-497C-B6C8-DEE11CF1951D}.Debug|Any CPU.ActiveCfg = Debug|Any CPU
		{4026BCDE-7341-497C-B6C8-DEE11CF1951D}.Debug|Any CPU.Build.0 = Debug|Any CPU
		{4026BCDE-7341-497C-B6C8-DEE11CF1951D}.Release|Any CPU.ActiveCfg = Release|Any CPU
		{4026BCDE-7341-497C-B6C8-DEE11CF1951D}.Release|Any CPU.Build.0 = Release|Any CPU
		{6CEF5FB7-8FD8-4E04-BB51-1B8D47EC7FAD}.Debug|Any CPU.ActiveCfg = Debug|Any CPU
		{6CEF5FB7-8FD8-4E04-BB51-1B8D47EC7FAD}.Debug|Any CPU.Build.0 = Debug|Any CPU
		{6CEF5FB7-8FD8-4E04-BB51-1B8D47EC7FAD}.Release|Any CPU.ActiveCfg = Release|Any CPU
		{6CEF5FB7-8FD8-4E04-BB51-1B8D47EC7FAD}.Release|Any CPU.Build.0 = Release|Any CPU
		{FD6015AB-6D6B-4C4D-8D8F-394264242CD7}.Debug|Any CPU.ActiveCfg = Debug|Any CPU
		{FD6015AB-6D6B-4C4D-8D8F-394264242CD7}.Debug|Any CPU.Build.0 = Debug|Any CPU
		{FD6015AB-6D6B-4C4D-8D8F-394264242CD7}.Release|Any CPU.ActiveCfg = Release|Any CPU
		{FD6015AB-6D6B-4C4D-8D8F-394264242CD7}.Release|Any CPU.Build.0 = Release|Any CPU
	EndGlobalSection
	GlobalSection(SolutionProperties) = preSolution
		HideSolutionNode = FALSE
	EndGlobalSection
	GlobalSection(ExtensibilityGlobals) = postSolution
		SolutionGuid = {B7B86854-D64C-4D61-834B-A0265694C03E}
	EndGlobalSection
EndGlobal
